
Microsoft Visual Studio Solution File, Format Version 12.00
# Visual Studio 2013
VisualStudioVersion = 12.0.30110.0
MinimumVisualStudioVersion = 10.0.40219.1
Project("{2150E333-8FDC-42A3-9474-1A3956D46DE8}") = ".nuget", ".nuget", "{2C5D9028-23FF-4897-9FDB-3CA5359A14D1}"
	ProjectSection(SolutionItems) = preProject
		.nuget\NuGet.Config = .nuget\NuGet.Config
		.nuget\NuGet.exe = .nuget\NuGet.exe
		.nuget\NuGet.targets = .nuget\NuGet.targets
	EndProjectSection
EndProject
Project("{2150E333-8FDC-42A3-9474-1A3956D46DE8}") = "Solution Items", "Solution Items", "{5ECE2F9E-C442-432C-988F-296761AF1E24}"
	ProjectSection(SolutionItems) = preProject
		readme.md = readme.md
	EndProjectSection
EndProject
Project("{FAE04EC0-301F-11D3-BF4B-00C04F79EFBC}") = "HtmlStringToHtmlTag", "AngleSharpToHtmlTag\HtmlStringToHtmlTag.csproj", "{92AE9EF5-4A3F-4C42-97AB-394429AD983D}"
EndProject
Project("{FAE04EC0-301F-11D3-BF4B-00C04F79EFBC}") = "HtmlStringToHtmlTag.Test", "AngleSharpToHtmlTag.Test\HtmlStringToHtmlTag.Test.csproj", "{FA09A92D-5F6D-424C-A53A-DE0A4CCB35C7}"
EndProject
Global
	GlobalSection(SolutionConfigurationPlatforms) = preSolution
		Debug|Any CPU = Debug|Any CPU
		Release|Any CPU = Release|Any CPU
	EndGlobalSection
	GlobalSection(ProjectConfigurationPlatforms) = postSolution
		{92AE9EF5-4A3F-4C42-97AB-394429AD983D}.Debug|Any CPU.ActiveCfg = Debug|Any CPU
		{92AE9EF5-4A3F-4C42-97AB-394429AD983D}.Debug|Any CPU.Build.0 = Debug|Any CPU
		{92AE9EF5-4A3F-4C42-97AB-394429AD983D}.Release|Any CPU.ActiveCfg = Release|Any CPU
		{92AE9EF5-4A3F-4C42-97AB-394429AD983D}.Release|Any CPU.Build.0 = Release|Any CPU
		{FA09A92D-5F6D-424C-A53A-DE0A4CCB35C7}.Debug|Any CPU.ActiveCfg = Debug|Any CPU
		{FA09A92D-5F6D-424C-A53A-DE0A4CCB35C7}.Debug|Any CPU.Build.0 = Debug|Any CPU
		{FA09A92D-5F6D-424C-A53A-DE0A4CCB35C7}.Release|Any CPU.ActiveCfg = Release|Any CPU
		{FA09A92D-5F6D-424C-A53A-DE0A4CCB35C7}.Release|Any CPU.Build.0 = Release|Any CPU
	EndGlobalSection
	GlobalSection(SolutionProperties) = preSolution
		HideSolutionNode = FALSE
	EndGlobalSection
EndGlobal
